// !$*UTF8*$!
{
	archiveVersion = 1;
	classes = {
	};
	objectVersion = 50;
	objects = {

/* Begin PBXBuildFile section */
		06766D6B256644A5006E5232 /* AppDelegate.swift in Sources */ = {isa = PBXBuildFile; fileRef = 06766D6A256644A5006E5232 /* AppDelegate.swift */; };
		06766D6D256644A5006E5232 /* SceneDelegate.swift in Sources */ = {isa = PBXBuildFile; fileRef = 06766D6C256644A5006E5232 /* SceneDelegate.swift */; };
		06766D6F256644A5006E5232 /* TutorialViewController.swift in Sources */ = {isa = PBXBuildFile; fileRef = 06766D6E256644A5006E5232 /* TutorialViewController.swift */; };
		06766D72256644A5006E5232 /* Main.storyboard in Resources */ = {isa = PBXBuildFile; fileRef = 06766D70256644A5006E5232 /* Main.storyboard */; };
		06766D74256644A9006E5232 /* Assets.xcassets in Resources */ = {isa = PBXBuildFile; fileRef = 06766D73256644A9006E5232 /* Assets.xcassets */; };
		06766D77256644A9006E5232 /* LaunchScreen.storyboard in Resources */ = {isa = PBXBuildFile; fileRef = 06766D75256644A9006E5232 /* LaunchScreen.storyboard */; };
		06766D8325667FC1006E5232 /* MainViewController.swift in Sources */ = {isa = PBXBuildFile; fileRef = 06766D8225667FC1006E5232 /* MainViewController.swift */; };
		067951892567C7540036C44F /* LocalStorageService.swift in Sources */ = {isa = PBXBuildFile; fileRef = 067951882567C7540036C44F /* LocalStorageService.swift */; };
/* End PBXBuildFile section */

/* Begin PBXFileReference section */
		06766D67256644A5006E5232 /* Tutorial-Demo.app */ = {isa = PBXFileReference; explicitFileType = wrapper.application; includeInIndex = 0; path = "Tutorial-Demo.app"; sourceTree = BUILT_PRODUCTS_DIR; };
		06766D6A256644A5006E5232 /* AppDelegate.swift */ = {isa = PBXFileReference; lastKnownFileType = sourcecode.swift; path = AppDelegate.swift; sourceTree = "<group>"; };
		06766D6C256644A5006E5232 /* SceneDelegate.swift */ = {isa = PBXFileReference; lastKnownFileType = sourcecode.swift; path = SceneDelegate.swift; sourceTree = "<group>"; };
		06766D6E256644A5006E5232 /* TutorialViewController.swift */ = {isa = PBXFileReference; lastKnownFileType = sourcecode.swift; path = TutorialViewController.swift; sourceTree = "<group>"; };
		06766D71256644A5006E5232 /* Base */ = {isa = PBXFileReference; lastKnownFileType = file.storyboard; name = Base; path = Base.lproj/Main.storyboard; sourceTree = "<group>"; };
		06766D73256644A9006E5232 /* Assets.xcassets */ = {isa = PBXFileReference; lastKnownFileType = folder.assetcatalog; path = Assets.xcassets; sourceTree = "<group>"; };
		06766D76256644A9006E5232 /* Base */ = {isa = PBXFileReference; lastKnownFileType = file.storyboard; name = Base; path = Base.lproj/LaunchScreen.storyboard; sourceTree = "<group>"; };
		06766D78256644A9006E5232 /* Info.plist */ = {isa = PBXFileReference; lastKnownFileType = text.plist.xml; path = Info.plist; sourceTree = "<group>"; };
		06766D8225667FC1006E5232 /* MainViewController.swift */ = {isa = PBXFileReference; lastKnownFileType = sourcecode.swift; path = MainViewController.swift; sourceTree = "<group>"; };
		067951882567C7540036C44F /* LocalStorageService.swift */ = {isa = PBXFileReference; lastKnownFileType = sourcecode.swift; path = LocalStorageService.swift; sourceTree = "<group>"; };
/* End PBXFileReference section */

/* Begin PBXFrameworksBuildPhase section */
		06766D64256644A5006E5232 /* Frameworks */ = {
			isa = PBXFrameworksBuildPhase;
			buildActionMask = 2147483647;
			files = (
			);
			runOnlyForDeploymentPostprocessing = 0;
		};
/* End PBXFrameworksBuildPhase section */

/* Begin PBXGroup section */
		06766D5E256644A5006E5232 = {
			isa = PBXGroup;
			children = (
				06766D69256644A5006E5232 /* Tutorial-Demo */,
				06766D68256644A5006E5232 /* Products */,
			);
			sourceTree = "<group>";
		};
		06766D68256644A5006E5232 /* Products */ = {
			isa = PBXGroup;
			children = (
				06766D67256644A5006E5232 /* Tutorial-Demo.app */,
			);
			name = Products;
			sourceTree = "<group>";
		};
		06766D69256644A5006E5232 /* Tutorial-Demo */ = {
			isa = PBXGroup;
			children = (
				06766D6A256644A5006E5232 /* AppDelegate.swift */,
				06766D6C256644A5006E5232 /* SceneDelegate.swift */,
				067951882567C7540036C44F /* LocalStorageService.swift */,
				06766D8225667FC1006E5232 /* MainViewController.swift */,
				06766D6E256644A5006E5232 /* TutorialViewController.swift */,
				06766D70256644A5006E5232 /* Main.storyboard */,
				06766D75256644A9006E5232 /* LaunchScreen.storyboard */,
				06766D73256644A9006E5232 /* Assets.xcassets */,
				06766D78256644A9006E5232 /* Info.plist */,
			);
			path = "Tutorial-Demo";
			sourceTree = "<group>";
		};
/* End PBXGroup section */

/* Begin PBXNativeTarget section */
		06766D66256644A5006E5232 /* Tutorial-Demo */ = {
			isa = PBXNativeTarget;
			buildConfigurationList = 06766D7B256644A9006E5232 /* Build configuration list for PBXNativeTarget "Tutorial-Demo" */;
			buildPhases = (
				06766D63256644A5006E5232 /* Sources */,
				06766D64256644A5006E5232 /* Frameworks */,
				06766D65256644A5006E5232 /* Resources */,
			);
			buildRules = (
			);
			dependencies = (
			);
			name = "Tutorial-Demo";
			productName = "Tutorial-Demo";
			productReference = 06766D67256644A5006E5232 /* Tutorial-Demo.app */;
			productType = "com.apple.product-type.application";
		};
/* End PBXNativeTarget section */

/* Begin PBXProject section */
		06766D5F256644A5006E5232 /* Project object */ = {
			isa = PBXProject;
			attributes = {
				LastSwiftUpdateCheck = 1210;
				LastUpgradeCheck = 1210;
				TargetAttributes = {
					06766D66256644A5006E5232 = {
						CreatedOnToolsVersion = 12.1;
					};
				};
			};
			buildConfigurationList = 06766D62256644A5006E5232 /* Build configuration list for PBXProject "Tutorial-Demo" */;
			compatibilityVersion = "Xcode 9.3";
			developmentRegion = en;
			hasScannedForEncodings = 0;
			knownRegions = (
				en,
				Base,
			);
			mainGroup = 06766D5E256644A5006E5232;
			productRefGroup = 06766D68256644A5006E5232 /* Products */;
			projectDirPath = "";
			projectRoot = "";
			targets = (
				06766D66256644A5006E5232 /* Tutorial-Demo */,
			);
		};
/* End PBXProject section */

/* Begin PBXResourcesBuildPhase section */
		06766D65256644A5006E5232 /* Resources */ = {
			isa = PBXResourcesBuildPhase;
			buildActionMask = 2147483647;
			files = (
				06766D77256644A9006E5232 /* LaunchScreen.storyboard in Resources */,
				06766D74256644A9006E5232 /* Assets.xcassets in Resources */,
				06766D72256644A5006E5232 /* Main.storyboard in Resources */,
			);
			runOnlyForDeploymentPostprocessing = 0;
		};
/* End PBXResourcesBuildPhase section */

/* Begin PBXSourcesBuildPhase section */
		06766D63256644A5006E5232 /* Sources */ = {
			isa = PBXSourcesBuildPhase;
			buildActionMask = 2147483647;
			files = (
				06766D6F256644A5006E5232 /* TutorialViewController.swift in Sources */,
				06766D6B256644A5006E5232 /* AppDelegate.swift in Sources */,
				06766D6D256644A5006E5232 /* SceneDelegate.swift in Sources */,
				067951892567C7540036C44F /* LocalStorageService.swift in Sources */,
				06766D8325667FC1006E5232 /* MainViewController.swift in Sources */,
			);
			runOnlyForDeploymentPostprocessing = 0;
		};
/* End PBXSourcesBuildPhase section */

/* Begin PBXVariantGroup section */
		06766D70256644A5006E5232 /* Main.storyboard */ = {
			isa = PBXVariantGroup;
			children = (
				06766D71256644A5006E5232 /* Base */,
			);
			name = Main.storyboard;
			sourceTree = "<group>";
		};
		06766D75256644A9006E5232 /* LaunchScreen.storyboard */ = {
			isa = PBXVariantGroup;
			children = (
				06766D76256644A9006E5232 /* Base */,
			);
			name = LaunchScreen.storyboard;
			sourceTree = "<group>";
		};
/* End PBXVariantGroup section */

/* Begin XCBuildConfiguration section */
		06766D79256644A9006E5232 /* Debug */ = {
			isa = XCBuildConfiguration;
			buildSettings = {
				ALWAYS_SEARCH_USER_PATHS = NO;
				CLANG_ANALYZER_NONNULL = YES;
				CLANG_ANALYZER_NUMBER_OBJECT_CONVERSION = YES_AGGRESSIVE;
				CLANG_CXX_LANGUAGE_STANDARD = "gnu++14";
				CLANG_CXX_LIBRARY = "libc++";
				CLANG_ENABLE_MODULES = YES;
				CLANG_ENABLE_OBJC_ARC = YES;
				CLANG_ENABLE_OBJC_WEAK = YES;
				CLANG_WARN_BLOCK_CAPTURE_AUTORELEASING = YES;
				CLANG_WARN_BOOL_CONVERSION = YES;
				CLANG_WARN_COMMA = YES;
				CLANG_WARN_CONSTANT_CONVERSION = YES;
				CLANG_WARN_DEPRECATED_OBJC_IMPLEMENTATIONS = YES;
				CLANG_WARN_DIRECT_OBJC_ISA_USAGE = YES_ERROR;
				CLANG_WARN_DOCUMENTATION_COMMENTS = YES;
				CLANG_WARN_EMPTY_BODY = YES;
				CLANG_WARN_ENUM_CONVERSION = YES;
				CLANG_WARN_INFINITE_RECURSION = YES;
				CLANG_WARN_INT_CONVERSION = YES;
				CLANG_WARN_NON_LITERAL_NULL_CONVERSION = YES;
				CLANG_WARN_OBJC_IMPLICIT_RETAIN_SELF = YES;
				CLANG_WARN_OBJC_LITERAL_CONVERSION = YES;
				CLANG_WARN_OBJC_ROOT_CLASS = YES_ERROR;
				CLANG_WARN_QUOTED_INCLUDE_IN_FRAMEWORK_HEADER = YES;
				CLANG_WARN_RANGE_LOOP_ANALYSIS = YES;
				CLANG_WARN_STRICT_PROTOTYPES = YES;
				CLANG_WARN_SUSPICIOUS_MOVE = YES;
				CLANG_WARN_UNGUARDED_AVAILABILITY = YES_AGGRESSIVE;
				CLANG_WARN_UNREACHABLE_CODE = YES;
				CLANG_WARN__DUPLICATE_METHOD_MATCH = YES;
				COPY_PHASE_STRIP = NO;
				DEBUG_INFORMATION_FORMAT = dwarf;
				ENABLE_STRICT_OBJC_MSGSEND = YES;
				ENABLE_TESTABILITY = YES;
				GCC_C_LANGUAGE_STANDARD = gnu11;
				GCC_DYNAMIC_NO_PIC = NO;
				GCC_NO_COMMON_BLOCKS = YES;
				GCC_OPTIMIZATION_LEVEL = 0;
				GCC_PREPROCESSOR_DEFINITIONS = (
					"DEBUG=1",
					"$(inherited)",
				);
				GCC_WARN_64_TO_32_BIT_CONVERSION = YES;
				GCC_WARN_ABOUT_RETURN_TYPE = YES_ERROR;
				GCC_WARN_UNDECLARED_SELECTOR = YES;
				GCC_WARN_UNINITIALIZED_AUTOS = YES_AGGRESSIVE;
				GCC_WARN_UNUSED_FUNCTION = YES;
				GCC_WARN_UNUSED_VARIABLE = YES;
				IPHONEOS_DEPLOYMENT_TARGET = 14.1;
				MTL_ENABLE_DEBUG_INFO = INCLUDE_SOURCE;
				MTL_FAST_MATH = YES;
				ONLY_ACTIVE_ARCH = YES;
				SDKROOT = iphoneos;
				SWIFT_ACTIVE_COMPILATION_CONDITIONS = DEBUG;
				SWIFT_OPTIMIZATION_LEVEL = "-Onone";
			};
			name = Debug;
		};
		06766D7A256644A9006E5232 /* Release */ = {
			isa = XCBuildConfiguration;
			buildSettings = {
				ALWAYS_SEARCH_USER_PATHS = NO;
				CLANG_ANALYZER_NONNULL = YES;
				CLANG_ANALYZER_NUMBER_OBJECT_CONVERSION = YES_AGGRESSIVE;
				CLANG_CXX_LANGUAGE_STANDARD = "gnu++14";
				CLANG_CXX_LIBRARY = "libc++";
				CLANG_ENABLE_MODULES = YES;
				CLANG_ENABLE_OBJC_ARC = YES;
				CLANG_ENABLE_OBJC_WEAK = YES;
				CLANG_WARN_BLOCK_CAPTURE_AUTORELEASING = YES;
				CLANG_WARN_BOOL_CONVERSION = YES;
				CLANG_WARN_COMMA = YES;
				CLANG_WARN_CONSTANT_CONVERSION = YES;
				CLANG_WARN_DEPRECATED_OBJC_IMPLEMENTATIONS = YES;
				CLANG_WARN_DIRECT_OBJC_ISA_USAGE = YES_ERROR;
				CLANG_WARN_DOCUMENTATION_COMMENTS = YES;
				CLANG_WARN_EMPTY_BODY = YES;
				CLANG_WARN_ENUM_CONVERSION = YES;
				CLANG_WARN_INFINITE_RECURSION = YES;
				CLANG_WARN_INT_CONVERSION = YES;
				CLANG_WARN_NON_LITERAL_NULL_CONVERSION = YES;
				CLANG_WARN_OBJC_IMPLICIT_RETAIN_SELF = YES;
				CLANG_WARN_OBJC_LITERAL_CONVERSION = YES;
				CLANG_WARN_OBJC_ROOT_CLASS = YES_ERROR;
				CLANG_WARN_QUOTED_INCLUDE_IN_FRAMEWORK_HEADER = YES;
				CLANG_WARN_RANGE_LOOP_ANALYSIS = YES;
				CLANG_WARN_STRICT_PROTOTYPES = YES;
				CLANG_WARN_SUSPICIOUS_MOVE = YES;
				CLANG_WARN_UNGUARDED_AVAILABILITY = YES_AGGRESSIVE;
				CLANG_WARN_UNREACHABLE_CODE = YES;
				CLANG_WARN__DUPLICATE_METHOD_MATCH = YES;
				COPY_PHASE_STRIP = NO;
				DEBUG_INFORMATION_FORMAT = "dwarf-with-dsym";
				ENABLE_NS_ASSERTIONS = NO;
				ENABLE_STRICT_OBJC_MSGSEND = YES;
				GCC_C_LANGUAGE_STANDARD = gnu11;
				GCC_NO_COMMON_BLOCKS = YES;
				GCC_WARN_64_TO_32_BIT_CONVERSION = YES;
				GCC_WARN_ABOUT_RETURN_TYPE = YES_ERROR;
				GCC_WARN_UNDECLARED_SELECTOR = YES;
				GCC_WARN_UNINITIALIZED_AUTOS = YES_AGGRESSIVE;
				GCC_WARN_UNUSED_FUNCTION = YES;
				GCC_WARN_UNUSED_VARIABLE = YES;
				IPHONEOS_DEPLOYMENT_TARGET = 14.1;
				MTL_ENABLE_DEBUG_INFO = NO;
				MTL_FAST_MATH = YES;
				SDKROOT = iphoneos;
				SWIFT_COMPILATION_MODE = wholemodule;
				SWIFT_OPTIMIZATION_LEVEL = "-O";
				VALIDATE_PRODUCT = YES;
			};
			name = Release;
		};
		06766D7C256644A9006E5232 /* Debug */ = {
			isa = XCBuildConfiguration;
			buildSettings = {
				ASSETCATALOG_COMPILER_APPICON_NAME = AppIcon;
				ASSETCATALOG_COMPILER_GLOBAL_ACCENT_COLOR_NAME = AccentColor;
				CODE_SIGN_STYLE = Automatic;
				INFOPLIST_FILE = "Tutorial-Demo/Info.plist";
				IPHONEOS_DEPLOYMENT_TARGET = 14.1;
				LD_RUNPATH_SEARCH_PATHS = (
					"$(inherited)",
					"@executable_path/Frameworks",
				);
				PRODUCT_BUNDLE_IDENTIFIER = "ryutenu.Tutorial-Demo";
				PRODUCT_NAME = "$(TARGET_NAME)";
				SWIFT_VERSION = 5.0;
				TARGETED_DEVICE_FAMILY = "1,2";
			};
			name = Debug;
		};
		06766D7D256644A9006E5232 /* Release */ = {
			isa = XCBuildConfiguration;
			buildSettings = {
				ASSETCATALOG_COMPILER_APPICON_NAME = AppIcon;
				ASSETCATALOG_COMPILER_GLOBAL_ACCENT_COLOR_NAME = AccentColor;
				CODE_SIGN_STYLE = Automatic;
				INFOPLIST_FILE = "Tutorial-Demo/Info.plist";
				IPHONEOS_DEPLOYMENT_TARGET = 14.1;
				LD_RUNPATH_SEARCH_PATHS = (
					"$(inherited)",
					"@executable_path/Frameworks",
				);
				PRODUCT_BUNDLE_IDENTIFIER = "ryutenu.Tutorial-Demo";
				PRODUCT_NAME = "$(TARGET_NAME)";
				SWIFT_VERSION = 5.0;
				TARGETED_DEVICE_FAMILY = "1,2";
			};
			name = Release;
		};
/* End XCBuildConfiguration section */

/* Begin XCConfigurationList section */
		06766D62256644A5006E5232 /* Build configuration list for PBXProject "Tutorial-Demo" */ = {
			isa = XCConfigurationList;
			buildConfigurations = (
				06766D79256644A9006E5232 /* Debug */,
				06766D7A256644A9006E5232 /* Release */,
			);
			defaultConfigurationIsVisible = 0;
			defaultConfigurationName = Release;
		};
		06766D7B256644A9006E5232 /* Build configuration list for PBXNativeTarget "Tutorial-Demo" */ = {
			isa = XCConfigurationList;
			buildConfigurations = (
				06766D7C256644A9006E5232 /* Debug */,
				06766D7D256644A9006E5232 /* Release */,
			);
			defaultConfigurationIsVisible = 0;
			defaultConfigurationName = Release;
		};
/* End XCConfigurationList section */
	};
	rootObject = 06766D5F256644A5006E5232 /* Project object */;
}
